
Microsoft Visual Studio Solution File, Format Version 12.00
# Visual Studio Version 17
VisualStudioVersion = 17.7.34221.43
MinimumVisualStudioVersion = 10.0.40219.1
Project("{FAE04EC0-301F-11D3-BF4B-00C04F79EFBC}") = "ReworkedOOPGenericCollections", "ReworkedOOPGenericCollections.csproj", "{C42DE708-DDDA-4262-8140-1407DD6822D8}"
EndProject
Global
	GlobalSection(SolutionConfigurationPlatforms) = preSolution
		Debug|Any CPU = Debug|Any CPU
		Release|Any CPU = Release|Any CPU
	EndGlobalSection
	GlobalSection(ProjectConfigurationPlatforms) = postSolution
		{C42DE708-DDDA-4262-8140-1407DD6822D8}.Debug|Any CPU.ActiveCfg = Debug|Any CPU
		{C42DE708-DDDA-4262-8140-1407DD6822D8}.Debug|Any CPU.Build.0 = Debug|Any CPU
		{C42DE708-DDDA-4262-8140-1407DD6822D8}.Release|Any CPU.ActiveCfg = Release|Any CPU
		{C42DE708-DDDA-4262-8140-1407DD6822D8}.Release|Any CPU.Build.0 = Release|Any CPU
	EndGlobalSection
	GlobalSection(SolutionProperties) = preSolution
		HideSolutionNode = FALSE
	EndGlobalSection
	GlobalSection(ExtensibilityGlobals) = postSolution
		SolutionGuid = {ADAB1D04-AE54-4DF5-8D81-46FE0D0E52BD}
	EndGlobalSection
EndGlobal
